
Microsoft Visual Studio Solution File, Format Version 12.00
# Visual Studio 15
VisualStudioVersion = 15.0.28307.2092
MinimumVisualStudioVersion = 10.0.40219.1
Project("{2150E333-8FDC-42A3-9474-1A3956D46DE8}") = "0_thirdparty", "0_thirdparty", "{7F378B4C-E11F-4076-9AD0-D6A28085BA69}"
EndProject
Project("{8BC9CEB8-8B4A-11D0-8D11-00A0C91BC942}") = "libcctz", "thirdparty\cctz-2.3\libcctz.vcxproj", "{9B31A92D-6783-38CA-986B-ACDDAEB5F313}"
EndProject
Project("{2150E333-8FDC-42A3-9474-1A3956D46DE8}") = "1_demo", "1_demo", "{FDB59367-A7FE-45C0-9E53-39A61DB20E6D}"
EndProject
Project("{2150E333-8FDC-42A3-9474-1A3956D46DE8}") = "test1", "test1", "{9CDEA9C3-84C3-4841-82D2-AA366E70C78D}"
EndProject
Project("{8BC9CEB8-8B4A-11D0-8D11-00A0C91BC942}") = "cctz_benchmark", "demo\test1\cctz_benchmark.vcxproj", "{0D117AD4-87AA-3941-8847-CA3FAEFC5F8E}"
EndProject
Project("{8BC9CEB8-8B4A-11D0-8D11-00A0C91BC942}") = "civil_time_test", "demo\test1\civil_time_test.vcxproj", "{9A656DEB-2014-3C96-A2A2-991A0781C3DC}"
EndProject
Project("{8BC9CEB8-8B4A-11D0-8D11-00A0C91BC942}") = "time_tool", "demo\test1\time_tool.vcxproj", "{AB390D6F-3886-326A-B421-B40971951D80}"
EndProject
Project("{8BC9CEB8-8B4A-11D0-8D11-00A0C91BC942}") = "time_zone_format_test", "demo\test1\time_zone_format_test.vcxproj", "{7D8EB7B1-AE29-3A54-81E1-9A0CE47183DD}"
EndProject
Project("{8BC9CEB8-8B4A-11D0-8D11-00A0C91BC942}") = "time_zone_lookup_test", "demo\test1\time_zone_lookup_test.vcxproj", "{2FD9D78D-53B7-34A3-8374-07D7B730E090}"
EndProject
Project("{8BC9CEB8-8B4A-11D0-8D11-00A0C91BC942}") = "libbenchmark", "thirdparty\benchmark-1.7.0\libbenchmark.vcxproj", "{98282030-F67F-33ED-AE7A-45A1F519D0E8}"
EndProject
Project("{8BC9CEB8-8B4A-11D0-8D11-00A0C91BC942}") = "libbenchmark_main", "thirdparty\benchmark-1.7.0\libbenchmark_main.vcxproj", "{49DDA35B-B29D-3376-8858-F926E5F337C2}"
EndProject
Project("{8BC9CEB8-8B4A-11D0-8D11-00A0C91BC942}") = "libgtest", "thirdparty\gtest-1.7.0\libgtest.vcxproj", "{5C9D932F-26EC-436B-9ADA-949866775887}"
EndProject
Project("{8BC9CEB8-8B4A-11D0-8D11-00A0C91BC942}") = "libgmock", "thirdparty\gmock-1.7.0\libgmock.vcxproj", "{5C6BCA3A-2F71-4379-9855-65C44699DBAB}"
EndProject
Project("{8BC9CEB8-8B4A-11D0-8D11-00A0C91BC942}") = "libgtest_main", "thirdparty\gtest-1.7.0\libgtest_main.vcxproj", "{C844D584-F312-438B-B6B5-CAB1BA823546}"
EndProject
Project("{2150E333-8FDC-42A3-9474-1A3956D46DE8}") = "examples", "examples", "{AC4EE3FF-DCC2-4D37-A3C9-ED3F1EC13C24}"
EndProject
Project("{8BC9CEB8-8B4A-11D0-8D11-00A0C91BC942}") = "classic", "demo\examples\classic.vcxproj", "{6A3E2FC8-4328-3F0B-850A-EE72F582D1B2}"
EndProject
Project("{8BC9CEB8-8B4A-11D0-8D11-00A0C91BC942}") = "epoch_shift", "demo\examples\epoch_shift.vcxproj", "{F7E33D89-90CB-3E58-AD04-2CE9498DC7A1}"
EndProject
Project("{8BC9CEB8-8B4A-11D0-8D11-00A0C91BC942}") = "example1", "demo\examples\example1.vcxproj", "{D532FDC4-9B93-3673-93DA-8125CED09EE8}"
EndProject
Project("{8BC9CEB8-8B4A-11D0-8D11-00A0C91BC942}") = "example2", "demo\examples\example2.vcxproj", "{6ED71F77-7DEF-39E1-A761-58D86D67B918}"
EndProject
Project("{8BC9CEB8-8B4A-11D0-8D11-00A0C91BC942}") = "example3", "demo\examples\example3.vcxproj", "{2951B63D-903C-3DA1-8A0E-78E14BDD3336}"
EndProject
Project("{8BC9CEB8-8B4A-11D0-8D11-00A0C91BC942}") = "example4", "demo\examples\example4.vcxproj", "{CCA7785D-89D9-3226-949C-A79B3939AA15}"
EndProject
Project("{8BC9CEB8-8B4A-11D0-8D11-00A0C91BC942}") = "hello", "demo\examples\hello.vcxproj", "{06ED3D5E-D017-3D9A-842C-BFA819D45E9A}"
EndProject
Global
	GlobalSection(SolutionConfigurationPlatforms) = preSolution
		Debug|x64 = Debug|x64
		Release|x64 = Release|x64
	EndGlobalSection
	GlobalSection(ProjectConfigurationPlatforms) = postSolution
		{9B31A92D-6783-38CA-986B-ACDDAEB5F313}.Debug|x64.ActiveCfg = Debug|x64
		{9B31A92D-6783-38CA-986B-ACDDAEB5F313}.Debug|x64.Build.0 = Debug|x64
		{9B31A92D-6783-38CA-986B-ACDDAEB5F313}.Release|x64.ActiveCfg = Release|x64
		{9B31A92D-6783-38CA-986B-ACDDAEB5F313}.Release|x64.Build.0 = Release|x64
		{0D117AD4-87AA-3941-8847-CA3FAEFC5F8E}.Debug|x64.ActiveCfg = Debug|x64
		{0D117AD4-87AA-3941-8847-CA3FAEFC5F8E}.Debug|x64.Build.0 = Debug|x64
		{0D117AD4-87AA-3941-8847-CA3FAEFC5F8E}.Release|x64.ActiveCfg = Release|x64
		{0D117AD4-87AA-3941-8847-CA3FAEFC5F8E}.Release|x64.Build.0 = Release|x64
		{9A656DEB-2014-3C96-A2A2-991A0781C3DC}.Debug|x64.ActiveCfg = Debug|x64
		{9A656DEB-2014-3C96-A2A2-991A0781C3DC}.Debug|x64.Build.0 = Debug|x64
		{9A656DEB-2014-3C96-A2A2-991A0781C3DC}.Release|x64.ActiveCfg = Release|x64
		{9A656DEB-2014-3C96-A2A2-991A0781C3DC}.Release|x64.Build.0 = Release|x64
		{AB390D6F-3886-326A-B421-B40971951D80}.Debug|x64.ActiveCfg = Debug|x64
		{AB390D6F-3886-326A-B421-B40971951D80}.Debug|x64.Build.0 = Debug|x64
		{AB390D6F-3886-326A-B421-B40971951D80}.Release|x64.ActiveCfg = Release|x64
		{AB390D6F-3886-326A-B421-B40971951D80}.Release|x64.Build.0 = Release|x64
		{7D8EB7B1-AE29-3A54-81E1-9A0CE47183DD}.Debug|x64.ActiveCfg = Debug|x64
		{7D8EB7B1-AE29-3A54-81E1-9A0CE47183DD}.Debug|x64.Build.0 = Debug|x64
		{7D8EB7B1-AE29-3A54-81E1-9A0CE47183DD}.Release|x64.ActiveCfg = Release|x64
		{7D8EB7B1-AE29-3A54-81E1-9A0CE47183DD}.Release|x64.Build.0 = Release|x64
		{2FD9D78D-53B7-34A3-8374-07D7B730E090}.Debug|x64.ActiveCfg = Debug|x64
		{2FD9D78D-53B7-34A3-8374-07D7B730E090}.Debug|x64.Build.0 = Debug|x64
		{2FD9D78D-53B7-34A3-8374-07D7B730E090}.Release|x64.ActiveCfg = Release|x64
		{2FD9D78D-53B7-34A3-8374-07D7B730E090}.Release|x64.Build.0 = Release|x64
		{98282030-F67F-33ED-AE7A-45A1F519D0E8}.Debug|x64.ActiveCfg = Debug|x64
		{98282030-F67F-33ED-AE7A-45A1F519D0E8}.Debug|x64.Build.0 = Debug|x64
		{98282030-F67F-33ED-AE7A-45A1F519D0E8}.Release|x64.ActiveCfg = Release|x64
		{98282030-F67F-33ED-AE7A-45A1F519D0E8}.Release|x64.Build.0 = Release|x64
		{49DDA35B-B29D-3376-8858-F926E5F337C2}.Debug|x64.ActiveCfg = Debug|x64
		{49DDA35B-B29D-3376-8858-F926E5F337C2}.Debug|x64.Build.0 = Debug|x64
		{49DDA35B-B29D-3376-8858-F926E5F337C2}.Release|x64.ActiveCfg = Release|x64
		{49DDA35B-B29D-3376-8858-F926E5F337C2}.Release|x64.Build.0 = Release|x64
		{5C9D932F-26EC-436B-9ADA-949866775887}.Debug|x64.ActiveCfg = Debug|x64
		{5C9D932F-26EC-436B-9ADA-949866775887}.Debug|x64.Build.0 = Debug|x64
		{5C9D932F-26EC-436B-9ADA-949866775887}.Release|x64.ActiveCfg = Release|x64
		{5C9D932F-26EC-436B-9ADA-949866775887}.Release|x64.Build.0 = Release|x64
		{5C6BCA3A-2F71-4379-9855-65C44699DBAB}.Debug|x64.ActiveCfg = Debug|x64
		{5C6BCA3A-2F71-4379-9855-65C44699DBAB}.Debug|x64.Build.0 = Debug|x64
		{5C6BCA3A-2F71-4379-9855-65C44699DBAB}.Release|x64.ActiveCfg = Release|x64
		{5C6BCA3A-2F71-4379-9855-65C44699DBAB}.Release|x64.Build.0 = Release|x64
		{C844D584-F312-438B-B6B5-CAB1BA823546}.Debug|x64.ActiveCfg = Debug|x64
		{C844D584-F312-438B-B6B5-CAB1BA823546}.Debug|x64.Build.0 = Debug|x64
		{C844D584-F312-438B-B6B5-CAB1BA823546}.Release|x64.ActiveCfg = Release|x64
		{C844D584-F312-438B-B6B5-CAB1BA823546}.Release|x64.Build.0 = Release|x64
		{6A3E2FC8-4328-3F0B-850A-EE72F582D1B2}.Debug|x64.ActiveCfg = Debug|x64
		{6A3E2FC8-4328-3F0B-850A-EE72F582D1B2}.Debug|x64.Build.0 = Debug|x64
		{6A3E2FC8-4328-3F0B-850A-EE72F582D1B2}.Release|x64.ActiveCfg = Release|x64
		{6A3E2FC8-4328-3F0B-850A-EE72F582D1B2}.Release|x64.Build.0 = Release|x64
		{F7E33D89-90CB-3E58-AD04-2CE9498DC7A1}.Debug|x64.ActiveCfg = Debug|x64
		{F7E33D89-90CB-3E58-AD04-2CE9498DC7A1}.Debug|x64.Build.0 = Debug|x64
		{F7E33D89-90CB-3E58-AD04-2CE9498DC7A1}.Release|x64.ActiveCfg = Release|x64
		{F7E33D89-90CB-3E58-AD04-2CE9498DC7A1}.Release|x64.Build.0 = Release|x64
		{D532FDC4-9B93-3673-93DA-8125CED09EE8}.Debug|x64.ActiveCfg = Debug|x64
		{D532FDC4-9B93-3673-93DA-8125CED09EE8}.Debug|x64.Build.0 = Debug|x64
		{D532FDC4-9B93-3673-93DA-8125CED09EE8}.Release|x64.ActiveCfg = Release|x64
		{D532FDC4-9B93-3673-93DA-8125CED09EE8}.Release|x64.Build.0 = Release|x64
		{6ED71F77-7DEF-39E1-A761-58D86D67B918}.Debug|x64.ActiveCfg = Debug|x64
		{6ED71F77-7DEF-39E1-A761-58D86D67B918}.Debug|x64.Build.0 = Debug|x64
		{6ED71F77-7DEF-39E1-A761-58D86D67B918}.Release|x64.ActiveCfg = Release|x64
		{6ED71F77-7DEF-39E1-A761-58D86D67B918}.Release|x64.Build.0 = Release|x64
		{2951B63D-903C-3DA1-8A0E-78E14BDD3336}.Debug|x64.ActiveCfg = Debug|x64
		{2951B63D-903C-3DA1-8A0E-78E14BDD3336}.Debug|x64.Build.0 = Debug|x64
		{2951B63D-903C-3DA1-8A0E-78E14BDD3336}.Release|x64.ActiveCfg = Release|x64
		{2951B63D-903C-3DA1-8A0E-78E14BDD3336}.Release|x64.Build.0 = Release|x64
		{CCA7785D-89D9-3226-949C-A79B3939AA15}.Debug|x64.ActiveCfg = Debug|x64
		{CCA7785D-89D9-3226-949C-A79B3939AA15}.Debug|x64.Build.0 = Debug|x64
		{CCA7785D-89D9-3226-949C-A79B3939AA15}.Release|x64.ActiveCfg = Release|x64
		{CCA7785D-89D9-3226-949C-A79B3939AA15}.Release|x64.Build.0 = Release|x64
		{06ED3D5E-D017-3D9A-842C-BFA819D45E9A}.Debug|x64.ActiveCfg = Debug|x64
		{06ED3D5E-D017-3D9A-842C-BFA819D45E9A}.Debug|x64.Build.0 = Debug|x64
		{06ED3D5E-D017-3D9A-842C-BFA819D45E9A}.Release|x64.ActiveCfg = Release|x64
		{06ED3D5E-D017-3D9A-842C-BFA819D45E9A}.Release|x64.Build.0 = Release|x64
	EndGlobalSection
	GlobalSection(SolutionProperties) = preSolution
		HideSolutionNode = FALSE
	EndGlobalSection
	GlobalSection(NestedProjects) = preSolution
		{9B31A92D-6783-38CA-986B-ACDDAEB5F313} = {7F378B4C-E11F-4076-9AD0-D6A28085BA69}
		{9CDEA9C3-84C3-4841-82D2-AA366E70C78D} = {FDB59367-A7FE-45C0-9E53-39A61DB20E6D}
		{0D117AD4-87AA-3941-8847-CA3FAEFC5F8E} = {9CDEA9C3-84C3-4841-82D2-AA366E70C78D}
		{9A656DEB-2014-3C96-A2A2-991A0781C3DC} = {9CDEA9C3-84C3-4841-82D2-AA366E70C78D}
		{AB390D6F-3886-326A-B421-B40971951D80} = {9CDEA9C3-84C3-4841-82D2-AA366E70C78D}
		{7D8EB7B1-AE29-3A54-81E1-9A0CE47183DD} = {9CDEA9C3-84C3-4841-82D2-AA366E70C78D}
		{2FD9D78D-53B7-34A3-8374-07D7B730E090} = {9CDEA9C3-84C3-4841-82D2-AA366E70C78D}
		{98282030-F67F-33ED-AE7A-45A1F519D0E8} = {7F378B4C-E11F-4076-9AD0-D6A28085BA69}
		{49DDA35B-B29D-3376-8858-F926E5F337C2} = {7F378B4C-E11F-4076-9AD0-D6A28085BA69}
		{5C9D932F-26EC-436B-9ADA-949866775887} = {7F378B4C-E11F-4076-9AD0-D6A28085BA69}
		{5C6BCA3A-2F71-4379-9855-65C44699DBAB} = {7F378B4C-E11F-4076-9AD0-D6A28085BA69}
		{C844D584-F312-438B-B6B5-CAB1BA823546} = {7F378B4C-E11F-4076-9AD0-D6A28085BA69}
		{AC4EE3FF-DCC2-4D37-A3C9-ED3F1EC13C24} = {FDB59367-A7FE-45C0-9E53-39A61DB20E6D}
		{6A3E2FC8-4328-3F0B-850A-EE72F582D1B2} = {AC4EE3FF-DCC2-4D37-A3C9-ED3F1EC13C24}
		{F7E33D89-90CB-3E58-AD04-2CE9498DC7A1} = {AC4EE3FF-DCC2-4D37-A3C9-ED3F1EC13C24}
		{D532FDC4-9B93-3673-93DA-8125CED09EE8} = {AC4EE3FF-DCC2-4D37-A3C9-ED3F1EC13C24}
		{6ED71F77-7DEF-39E1-A761-58D86D67B918} = {AC4EE3FF-DCC2-4D37-A3C9-ED3F1EC13C24}
		{2951B63D-903C-3DA1-8A0E-78E14BDD3336} = {AC4EE3FF-DCC2-4D37-A3C9-ED3F1EC13C24}
		{CCA7785D-89D9-3226-949C-A79B3939AA15} = {AC4EE3FF-DCC2-4D37-A3C9-ED3F1EC13C24}
		{06ED3D5E-D017-3D9A-842C-BFA819D45E9A} = {AC4EE3FF-DCC2-4D37-A3C9-ED3F1EC13C24}
	EndGlobalSection
	GlobalSection(ExtensibilityGlobals) = postSolution
		SolutionGuid = {01A9FE34-3D2E-3279-AE01-79480EF5A28D}
	EndGlobalSection
EndGlobal
